
Microsoft Visual Studio Solution File, Format Version 12.00
# Visual Studio 15
VisualStudioVersion = 15.0.28307.329
MinimumVisualStudioVersion = 10.0.40219.1
Project("{FAE04EC0-301F-11D3-BF4B-00C04F79EFBC}") = "authAPI", "authAPI\authAPI.csproj", "{AA73F666-96B5-4D9D-B3F2-6209FD730C86}"
EndProject
Project("{FAE04EC0-301F-11D3-BF4B-00C04F79EFBC}") = "pubsubRedis", "pubsubRedis\pubsubRedis.csproj", "{42BD176F-9124-4659-BA32-91EE6E30FCDC}"
EndProject
Global
	GlobalSection(SolutionConfigurationPlatforms) = preSolution
		Debug|Any CPU = Debug|Any CPU
		Release|Any CPU = Release|Any CPU
	EndGlobalSection
	GlobalSection(ProjectConfigurationPlatforms) = postSolution
		{AA73F666-96B5-4D9D-B3F2-6209FD730C86}.Debug|Any CPU.ActiveCfg = Debug|Any CPU
		{AA73F666-96B5-4D9D-B3F2-6209FD730C86}.Debug|Any CPU.Build.0 = Debug|Any CPU
		{AA73F666-96B5-4D9D-B3F2-6209FD730C86}.Release|Any CPU.ActiveCfg = Release|Any CPU
		{AA73F666-96B5-4D9D-B3F2-6209FD730C86}.Release|Any CPU.Build.0 = Release|Any CPU
		{42BD176F-9124-4659-BA32-91EE6E30FCDC}.Debug|Any CPU.ActiveCfg = Debug|Any CPU
		{42BD176F-9124-4659-BA32-91EE6E30FCDC}.Debug|Any CPU.Build.0 = Debug|Any CPU
		{42BD176F-9124-4659-BA32-91EE6E30FCDC}.Release|Any CPU.ActiveCfg = Release|Any CPU
		{42BD176F-9124-4659-BA32-91EE6E30FCDC}.Release|Any CPU.Build.0 = Release|Any CPU
	EndGlobalSection
	GlobalSection(SolutionProperties) = preSolution
		HideSolutionNode = FALSE
	EndGlobalSection
	GlobalSection(ExtensibilityGlobals) = postSolution
		SolutionGuid = {48F2A3AC-6905-434A-B4DB-7E6547E0F363}
	EndGlobalSection
EndGlobal
